
Microsoft Visual Studio Solution File, Format Version 12.00
# Visual Studio Version 17
VisualStudioVersion = 17.5.33424.131
MinimumVisualStudioVersion = 10.0.40219.1
Project("{FAE04EC0-301F-11D3-BF4B-00C04F79EFBC}") = "flappy Game", "flappy Game\flappy Game.csproj", "{DBEAD079-B157-47A3-90D8-0009426487CE}"
EndProject
Global
	GlobalSection(SolutionConfigurationPlatforms) = preSolution
		Debug|Any CPU = Debug|Any CPU
		Release|Any CPU = Release|Any CPU
	EndGlobalSection
	GlobalSection(ProjectConfigurationPlatforms) = postSolution
		{DBEAD079-B157-47A3-90D8-0009426487CE}.Debug|Any CPU.ActiveCfg = Debug|Any CPU
		{DBEAD079-B157-47A3-90D8-0009426487CE}.Debug|Any CPU.Build.0 = Debug|Any CPU
		{DBEAD079-B157-47A3-90D8-0009426487CE}.Release|Any CPU.ActiveCfg = Release|Any CPU
		{DBEAD079-B157-47A3-90D8-0009426487CE}.Release|Any CPU.Build.0 = Release|Any CPU
	EndGlobalSection
	GlobalSection(SolutionProperties) = preSolution
		HideSolutionNode = FALSE
	EndGlobalSection
	GlobalSection(ExtensibilityGlobals) = postSolution
		SolutionGuid = {F5764109-78B2-41FF-99D2-1F71B5D845FA}
	EndGlobalSection
EndGlobal
